
Microsoft Visual Studio Solution File, Format Version 12.00
# Visual Studio Version 17
VisualStudioVersion = 17.8.34316.72
MinimumVisualStudioVersion = 10.0.40219.1
Project("{FAE04EC0-301F-11D3-BF4B-00C04F79EFBC}") = "FullProjectUsingIdentity", "FullProjectUsingIdentity.csproj", "{A5A31D9A-449A-4286-8E2E-A12800D9271A}"
EndProject
Global
	GlobalSection(SolutionConfigurationPlatforms) = preSolution
		Debug|Any CPU = Debug|Any CPU
		Release|Any CPU = Release|Any CPU
	EndGlobalSection
	GlobalSection(ProjectConfigurationPlatforms) = postSolution
		{A5A31D9A-449A-4286-8E2E-A12800D9271A}.Debug|Any CPU.ActiveCfg = Debug|Any CPU
		{A5A31D9A-449A-4286-8E2E-A12800D9271A}.Debug|Any CPU.Build.0 = Debug|Any CPU
		{A5A31D9A-449A-4286-8E2E-A12800D9271A}.Release|Any CPU.ActiveCfg = Release|Any CPU
		{A5A31D9A-449A-4286-8E2E-A12800D9271A}.Release|Any CPU.Build.0 = Release|Any CPU
	EndGlobalSection
	GlobalSection(SolutionProperties) = preSolution
		HideSolutionNode = FALSE
	EndGlobalSection
	GlobalSection(ExtensibilityGlobals) = postSolution
		SolutionGuid = {CEDACA7C-0ACE-48A7-A440-B69A20BEF161}
	EndGlobalSection
EndGlobal
